
Microsoft Visual Studio Solution File, Format Version 12.00
# Visual Studio Version 17
VisualStudioVersion = 17.2.32630.192
MinimumVisualStudioVersion = 10.0.40219.1
Project("{FAE04EC0-301F-11D3-BF4B-00C04F79EFBC}") = "App", "App\App.csproj", "{AD25AF06-E903-4940-9A58-9D3023D8C472}"
EndProject
Global
	GlobalSection(SolutionConfigurationPlatforms) = preSolution
		Debug|Any CPU = Debug|Any CPU
		Release|Any CPU = Release|Any CPU
	EndGlobalSection
	GlobalSection(ProjectConfigurationPlatforms) = postSolution
		{AD25AF06-E903-4940-9A58-9D3023D8C472}.Debug|Any CPU.ActiveCfg = Debug|Any CPU
		{AD25AF06-E903-4940-9A58-9D3023D8C472}.Debug|Any CPU.Build.0 = Debug|Any CPU
		{AD25AF06-E903-4940-9A58-9D3023D8C472}.Release|Any CPU.ActiveCfg = Release|Any CPU
		{AD25AF06-E903-4940-9A58-9D3023D8C472}.Release|Any CPU.Build.0 = Release|Any CPU
	EndGlobalSection
	GlobalSection(SolutionProperties) = preSolution
		HideSolutionNode = FALSE
	EndGlobalSection
	GlobalSection(ExtensibilityGlobals) = postSolution
		SolutionGuid = {8B6940B3-02E0-4711-9B15-28535058DCC8}
	EndGlobalSection
EndGlobal
